{
  "name": "dummy",
  "version": "1.0.0",
  "lockfileVersion": 3,
  "requires": true,
  "packages": {
    "": {
      "name": "dummy",
      "version": "1.0.0",
      "license": "BSD-3-Clause",
      "dependencies": {
        "unix-timestamp": "^1.0.3"
      }
    },
    "node_modules/unix-timestamp": {
      "version": "1.0.3",
      "resolved": "https://registry.npmjs.org/unix-timestamp/-/unix-timestamp-1.0.3.tgz",
      "integrity": "sha512-dZYciF170upieWsbs83fQGNdLwhsARiPs3gV30fhtdPl/TLgMRuLA/5z4C9WBoPSnGHvUOrboJWCCtb84bxDPg=="
    }
  }
}
